
Microsoft Visual Studio Solution File, Format Version 12.00
# Visual Studio 15
VisualStudioVersion = 15.0.28307.421
MinimumVisualStudioVersion = 10.0.40219.1
Project("{8BC9CEB8-8B4A-11D0-8D11-00A0C91BC942}") = "SpeakMouth", "SpeakMouth.vcxproj", "{48ACA5A7-C218-48F2-B9C4-ECB375B19E46}"
EndProject
Global
	GlobalSection(SolutionConfigurationPlatforms) = preSolution
		Debug|x86 = Debug|x86
		Release|x86 = Release|x86
	EndGlobalSection
	GlobalSection(ProjectConfigurationPlatforms) = postSolution
		{48ACA5A7-C218-48F2-B9C4-ECB375B19E46}.Debug|x86.ActiveCfg = Debug|Win32
		{48ACA5A7-C218-48F2-B9C4-ECB375B19E46}.Debug|x86.Build.0 = Debug|Win32
		{48ACA5A7-C218-48F2-B9C4-ECB375B19E46}.Release|x86.ActiveCfg = Release|Win32
		{48ACA5A7-C218-48F2-B9C4-ECB375B19E46}.Release|x86.Build.0 = Release|Win32
	EndGlobalSection
	GlobalSection(SolutionProperties) = preSolution
		HideSolutionNode = FALSE
	EndGlobalSection
	GlobalSection(ExtensibilityGlobals) = postSolution
		SolutionGuid = {90D0B6D7-5434-4960-BC09-09EEFF56911D}
	EndGlobalSection
EndGlobal
